
Microsoft Visual Studio Solution File, Format Version 12.00
# Visual Studio Version 17
VisualStudioVersion = 17.13.35825.156 d17.13
MinimumVisualStudioVersion = 10.0.40219.1
Project("{FAE04EC0-301F-11D3-BF4B-00C04F79EFBC}") = "Koffiemachine", "Koffiemachine.csproj", "{7A029706-FE40-402D-ACB1-9B3EAE3C2B16}"
EndProject
Global
	GlobalSection(SolutionConfigurationPlatforms) = preSolution
		Debug|Any CPU = Debug|Any CPU
		Release|Any CPU = Release|Any CPU
	EndGlobalSection
	GlobalSection(ProjectConfigurationPlatforms) = postSolution
		{7A029706-FE40-402D-ACB1-9B3EAE3C2B16}.Debug|Any CPU.ActiveCfg = Debug|Any CPU
		{7A029706-FE40-402D-ACB1-9B3EAE3C2B16}.Debug|Any CPU.Build.0 = Debug|Any CPU
		{7A029706-FE40-402D-ACB1-9B3EAE3C2B16}.Release|Any CPU.ActiveCfg = Release|Any CPU
		{7A029706-FE40-402D-ACB1-9B3EAE3C2B16}.Release|Any CPU.Build.0 = Release|Any CPU
	EndGlobalSection
	GlobalSection(SolutionProperties) = preSolution
		HideSolutionNode = FALSE
	EndGlobalSection
	GlobalSection(ExtensibilityGlobals) = postSolution
		SolutionGuid = {48391478-75F7-4989-84A6-13FC8DEF04B4}
	EndGlobalSection
EndGlobal
